// !$*UTF8*$!
{
	archiveVersion = 1;
	classes = {
	};
	objectVersion = 56;
	objects = {

/* Begin PBXBuildFile section */
		EEC86BF22AF5F7AB006D95C8 /* AppDelegate.swift in Sources */ = {isa = PBXBuildFile; fileRef = EEC86BF12AF5F7AB006D95C8 /* AppDelegate.swift */; };
		EEC86BF42AF5F7AB006D95C8 /* SceneDelegate.swift in Sources */ = {isa = PBXBuildFile; fileRef = EEC86BF32AF5F7AB006D95C8 /* SceneDelegate.swift */; };
		EEC86BFB2AF5F7AC006D95C8 /* Assets.xcassets in Resources */ = {isa = PBXBuildFile; fileRef = EEC86BFA2AF5F7AC006D95C8 /* Assets.xcassets */; };
		EEC86BFE2AF5F7AC006D95C8 /* LaunchScreen.storyboard in Resources */ = {isa = PBXBuildFile; fileRef = EEC86BFC2AF5F7AC006D95C8 /* LaunchScreen.storyboard */; };
		EEC86C082AF5FB7C006D95C8 /* MovieDetailViewController.swift in Sources */ = {isa = PBXBuildFile; fileRef = EEC86C072AF5FB7C006D95C8 /* MovieDetailViewController.swift */; };
		EEC86C0C2AF607BB006D95C8 /* HomeViewController.swift in Sources */ = {isa = PBXBuildFile; fileRef = EEC86C0B2AF607BB006D95C8 /* HomeViewController.swift */; };
		EEC86C172AF61414006D95C8 /* MoviesCell.swift in Sources */ = {isa = PBXBuildFile; fileRef = EEC86C162AF61414006D95C8 /* MoviesCell.swift */; };
		EEC86C192AF626B3006D95C8 /* MoviesDetails.swift in Sources */ = {isa = PBXBuildFile; fileRef = EEC86C182AF626B3006D95C8 /* MoviesDetails.swift */; };
/* End PBXBuildFile section */

/* Begin PBXFileReference section */
		EEC86BEE2AF5F7AB006D95C8 /* UITableView, Lecture 19.app */ = {isa = PBXFileReference; explicitFileType = wrapper.application; includeInIndex = 0; path = "UITableView, Lecture 19.app"; sourceTree = BUILT_PRODUCTS_DIR; };
		EEC86BF12AF5F7AB006D95C8 /* AppDelegate.swift */ = {isa = PBXFileReference; lastKnownFileType = sourcecode.swift; path = AppDelegate.swift; sourceTree = "<group>"; };
		EEC86BF32AF5F7AB006D95C8 /* SceneDelegate.swift */ = {isa = PBXFileReference; lastKnownFileType = sourcecode.swift; path = SceneDelegate.swift; sourceTree = "<group>"; };
		EEC86BFA2AF5F7AC006D95C8 /* Assets.xcassets */ = {isa = PBXFileReference; lastKnownFileType = folder.assetcatalog; path = Assets.xcassets; sourceTree = "<group>"; };
		EEC86BFD2AF5F7AC006D95C8 /* Base */ = {isa = PBXFileReference; lastKnownFileType = file.storyboard; name = Base; path = Base.lproj/LaunchScreen.storyboard; sourceTree = "<group>"; };
		EEC86BFF2AF5F7AC006D95C8 /* Info.plist */ = {isa = PBXFileReference; lastKnownFileType = text.plist.xml; path = Info.plist; sourceTree = "<group>"; };
		EEC86C072AF5FB7C006D95C8 /* MovieDetailViewController.swift */ = {isa = PBXFileReference; lastKnownFileType = sourcecode.swift; path = MovieDetailViewController.swift; sourceTree = "<group>"; };
		EEC86C0B2AF607BB006D95C8 /* HomeViewController.swift */ = {isa = PBXFileReference; lastKnownFileType = sourcecode.swift; path = HomeViewController.swift; sourceTree = "<group>"; };
		EEC86C162AF61414006D95C8 /* MoviesCell.swift */ = {isa = PBXFileReference; lastKnownFileType = sourcecode.swift; path = MoviesCell.swift; sourceTree = "<group>"; };
		EEC86C182AF626B3006D95C8 /* MoviesDetails.swift */ = {isa = PBXFileReference; lastKnownFileType = sourcecode.swift; path = MoviesDetails.swift; sourceTree = "<group>"; };
/* End PBXFileReference section */

/* Begin PBXFrameworksBuildPhase section */
		EEC86BEB2AF5F7AB006D95C8 /* Frameworks */ = {
			isa = PBXFrameworksBuildPhase;
			buildActionMask = 2147483647;
			files = (
			);
			runOnlyForDeploymentPostprocessing = 0;
		};
/* End PBXFrameworksBuildPhase section */

/* Begin PBXGroup section */
		EEC86BE52AF5F7AB006D95C8 = {
			isa = PBXGroup;
			children = (
				EEC86BF02AF5F7AB006D95C8 /* UITableView, Lecture 19 */,
				EEC86BEF2AF5F7AB006D95C8 /* Products */,
			);
			sourceTree = "<group>";
		};
		EEC86BEF2AF5F7AB006D95C8 /* Products */ = {
			isa = PBXGroup;
			children = (
				EEC86BEE2AF5F7AB006D95C8 /* UITableView, Lecture 19.app */,
			);
			name = Products;
			sourceTree = "<group>";
		};
		EEC86BF02AF5F7AB006D95C8 /* UITableView, Lecture 19 */ = {
			isa = PBXGroup;
			children = (
				EEC86C092AF5FB97006D95C8 /* App */,
				EEC86C0A2AF5FBB2006D95C8 /* Scenes */,
				EEC86C162AF61414006D95C8 /* MoviesCell.swift */,
				EEC86C182AF626B3006D95C8 /* MoviesDetails.swift */,
				EEC86C0D2AF612F6006D95C8 /* Resources */,
				EEC86BFF2AF5F7AC006D95C8 /* Info.plist */,
			);
			path = "UITableView, Lecture 19";
			sourceTree = "<group>";
		};
		EEC86C092AF5FB97006D95C8 /* App */ = {
			isa = PBXGroup;
			children = (
				EEC86BF12AF5F7AB006D95C8 /* AppDelegate.swift */,
				EEC86BF32AF5F7AB006D95C8 /* SceneDelegate.swift */,
			);
			path = App;
			sourceTree = "<group>";
		};
		EEC86C0A2AF5FBB2006D95C8 /* Scenes */ = {
			isa = PBXGroup;
			children = (
				EEC86C0B2AF607BB006D95C8 /* HomeViewController.swift */,
				EEC86C072AF5FB7C006D95C8 /* MovieDetailViewController.swift */,
			);
			path = Scenes;
			sourceTree = "<group>";
		};
		EEC86C0D2AF612F6006D95C8 /* Resources */ = {
			isa = PBXGroup;
			children = (
				EEC86BFA2AF5F7AC006D95C8 /* Assets.xcassets */,
				EEC86BFC2AF5F7AC006D95C8 /* LaunchScreen.storyboard */,
			);
			path = Resources;
			sourceTree = "<group>";
		};
/* End PBXGroup section */

/* Begin PBXNativeTarget section */
		EEC86BED2AF5F7AB006D95C8 /* UITableView, Lecture 19 */ = {
			isa = PBXNativeTarget;
			buildConfigurationList = EEC86C022AF5F7AC006D95C8 /* Build configuration list for PBXNativeTarget "UITableView, Lecture 19" */;
			buildPhases = (
				EEC86BEA2AF5F7AB006D95C8 /* Sources */,
				EEC86BEB2AF5F7AB006D95C8 /* Frameworks */,
				EEC86BEC2AF5F7AB006D95C8 /* Resources */,
			);
			buildRules = (
			);
			dependencies = (
			);
			name = "UITableView, Lecture 19";
			productName = "UITableView, Lecture 19";
			productReference = EEC86BEE2AF5F7AB006D95C8 /* UITableView, Lecture 19.app */;
			productType = "com.apple.product-type.application";
		};
/* End PBXNativeTarget section */

/* Begin PBXProject section */
		EEC86BE62AF5F7AB006D95C8 /* Project object */ = {
			isa = PBXProject;
			attributes = {
				BuildIndependentTargetsInParallel = 1;
				LastSwiftUpdateCheck = 1500;
				LastUpgradeCheck = 1500;
				TargetAttributes = {
					EEC86BED2AF5F7AB006D95C8 = {
						CreatedOnToolsVersion = 15.0.1;
					};
				};
			};
			buildConfigurationList = EEC86BE92AF5F7AB006D95C8 /* Build configuration list for PBXProject "UITableView, Lecture 19" */;
			compatibilityVersion = "Xcode 14.0";
			developmentRegion = en;
			hasScannedForEncodings = 0;
			knownRegions = (
				en,
				Base,
			);
			mainGroup = EEC86BE52AF5F7AB006D95C8;
			productRefGroup = EEC86BEF2AF5F7AB006D95C8 /* Products */;
			projectDirPath = "";
			projectRoot = "";
			targets = (
				EEC86BED2AF5F7AB006D95C8 /* UITableView, Lecture 19 */,
			);
		};
/* End PBXProject section */

/* Begin PBXResourcesBuildPhase section */
		EEC86BEC2AF5F7AB006D95C8 /* Resources */ = {
			isa = PBXResourcesBuildPhase;
			buildActionMask = 2147483647;
			files = (
				EEC86BFE2AF5F7AC006D95C8 /* LaunchScreen.storyboard in Resources */,
				EEC86BFB2AF5F7AC006D95C8 /* Assets.xcassets in Resources */,
			);
			runOnlyForDeploymentPostprocessing = 0;
		};
/* End PBXResourcesBuildPhase section */

/* Begin PBXSourcesBuildPhase section */
		EEC86BEA2AF5F7AB006D95C8 /* Sources */ = {
			isa = PBXSourcesBuildPhase;
			buildActionMask = 2147483647;
			files = (
				EEC86C082AF5FB7C006D95C8 /* MovieDetailViewController.swift in Sources */,
				EEC86BF22AF5F7AB006D95C8 /* AppDelegate.swift in Sources */,
				EEC86BF42AF5F7AB006D95C8 /* SceneDelegate.swift in Sources */,
				EEC86C192AF626B3006D95C8 /* MoviesDetails.swift in Sources */,
				EEC86C172AF61414006D95C8 /* MoviesCell.swift in Sources */,
				EEC86C0C2AF607BB006D95C8 /* HomeViewController.swift in Sources */,
			);
			runOnlyForDeploymentPostprocessing = 0;
		};
/* End PBXSourcesBuildPhase section */

/* Begin PBXVariantGroup section */
		EEC86BFC2AF5F7AC006D95C8 /* LaunchScreen.storyboard */ = {
			isa = PBXVariantGroup;
			children = (
				EEC86BFD2AF5F7AC006D95C8 /* Base */,
			);
			name = LaunchScreen.storyboard;
			sourceTree = "<group>";
		};
/* End PBXVariantGroup section */

/* Begin XCBuildConfiguration section */
		EEC86C002AF5F7AC006D95C8 /* Debug */ = {
			isa = XCBuildConfiguration;
			buildSettings = {
				ALWAYS_SEARCH_USER_PATHS = NO;
				ASSETCATALOG_COMPILER_GENERATE_SWIFT_ASSET_SYMBOL_EXTENSIONS = YES;
				CLANG_ANALYZER_NONNULL = YES;
				CLANG_ANALYZER_NUMBER_OBJECT_CONVERSION = YES_AGGRESSIVE;
				CLANG_CXX_LANGUAGE_STANDARD = "gnu++20";
				CLANG_ENABLE_MODULES = YES;
				CLANG_ENABLE_OBJC_ARC = YES;
				CLANG_ENABLE_OBJC_WEAK = YES;
				CLANG_WARN_BLOCK_CAPTURE_AUTORELEASING = YES;
				CLANG_WARN_BOOL_CONVERSION = YES;
				CLANG_WARN_COMMA = YES;
				CLANG_WARN_CONSTANT_CONVERSION = YES;
				CLANG_WARN_DEPRECATED_OBJC_IMPLEMENTATIONS = YES;
				CLANG_WARN_DIRECT_OBJC_ISA_USAGE = YES_ERROR;
				CLANG_WARN_DOCUMENTATION_COMMENTS = YES;
				CLANG_WARN_EMPTY_BODY = YES;
				CLANG_WARN_ENUM_CONVERSION = YES;
				CLANG_WARN_INFINITE_RECURSION = YES;
				CLANG_WARN_INT_CONVERSION = YES;
				CLANG_WARN_NON_LITERAL_NULL_CONVERSION = YES;
				CLANG_WARN_OBJC_IMPLICIT_RETAIN_SELF = YES;
				CLANG_WARN_OBJC_LITERAL_CONVERSION = YES;
				CLANG_WARN_OBJC_ROOT_CLASS = YES_ERROR;
				CLANG_WARN_QUOTED_INCLUDE_IN_FRAMEWORK_HEADER = YES;
				CLANG_WARN_RANGE_LOOP_ANALYSIS = YES;
				CLANG_WARN_STRICT_PROTOTYPES = YES;
				CLANG_WARN_SUSPICIOUS_MOVE = YES;
				CLANG_WARN_UNGUARDED_AVAILABILITY = YES_AGGRESSIVE;
				CLANG_WARN_UNREACHABLE_CODE = YES;
				CLANG_WARN__DUPLICATE_METHOD_MATCH = YES;
				COPY_PHASE_STRIP = NO;
				DEBUG_INFORMATION_FORMAT = dwarf;
				ENABLE_STRICT_OBJC_MSGSEND = YES;
				ENABLE_TESTABILITY = YES;
				ENABLE_USER_SCRIPT_SANDBOXING = YES;
				GCC_C_LANGUAGE_STANDARD = gnu17;
				GCC_DYNAMIC_NO_PIC = NO;
				GCC_NO_COMMON_BLOCKS = YES;
				GCC_OPTIMIZATION_LEVEL = 0;
				GCC_PREPROCESSOR_DEFINITIONS = (
					"DEBUG=1",
					"$(inherited)",
				);
				GCC_WARN_64_TO_32_BIT_CONVERSION = YES;
				GCC_WARN_ABOUT_RETURN_TYPE = YES_ERROR;
				GCC_WARN_UNDECLARED_SELECTOR = YES;
				GCC_WARN_UNINITIALIZED_AUTOS = YES_AGGRESSIVE;
				GCC_WARN_UNUSED_FUNCTION = YES;
				GCC_WARN_UNUSED_VARIABLE = YES;
				IPHONEOS_DEPLOYMENT_TARGET = 17.0;
				LOCALIZATION_PREFERS_STRING_CATALOGS = YES;
				MTL_ENABLE_DEBUG_INFO = INCLUDE_SOURCE;
				MTL_FAST_MATH = YES;
				ONLY_ACTIVE_ARCH = YES;
				SDKROOT = iphoneos;
				SWIFT_ACTIVE_COMPILATION_CONDITIONS = "DEBUG $(inherited)";
				SWIFT_OPTIMIZATION_LEVEL = "-Onone";
			};
			name = Debug;
		};
		EEC86C012AF5F7AC006D95C8 /* Release */ = {
			isa = XCBuildConfiguration;
			buildSettings = {
				ALWAYS_SEARCH_USER_PATHS = NO;
				ASSETCATALOG_COMPILER_GENERATE_SWIFT_ASSET_SYMBOL_EXTENSIONS = YES;
				CLANG_ANALYZER_NONNULL = YES;
				CLANG_ANALYZER_NUMBER_OBJECT_CONVERSION = YES_AGGRESSIVE;
				CLANG_CXX_LANGUAGE_STANDARD = "gnu++20";
				CLANG_ENABLE_MODULES = YES;
				CLANG_ENABLE_OBJC_ARC = YES;
				CLANG_ENABLE_OBJC_WEAK = YES;
				CLANG_WARN_BLOCK_CAPTURE_AUTORELEASING = YES;
				CLANG_WARN_BOOL_CONVERSION = YES;
				CLANG_WARN_COMMA = YES;
				CLANG_WARN_CONSTANT_CONVERSION = YES;
				CLANG_WARN_DEPRECATED_OBJC_IMPLEMENTATIONS = YES;
				CLANG_WARN_DIRECT_OBJC_ISA_USAGE = YES_ERROR;
				CLANG_WARN_DOCUMENTATION_COMMENTS = YES;
				CLANG_WARN_EMPTY_BODY = YES;
				CLANG_WARN_ENUM_CONVERSION = YES;
				CLANG_WARN_INFINITE_RECURSION = YES;
				CLANG_WARN_INT_CONVERSION = YES;
				CLANG_WARN_NON_LITERAL_NULL_CONVERSION = YES;
				CLANG_WARN_OBJC_IMPLICIT_RETAIN_SELF = YES;
				CLANG_WARN_OBJC_LITERAL_CONVERSION = YES;
				CLANG_WARN_OBJC_ROOT_CLASS = YES_ERROR;
				CLANG_WARN_QUOTED_INCLUDE_IN_FRAMEWORK_HEADER = YES;
				CLANG_WARN_RANGE_LOOP_ANALYSIS = YES;
				CLANG_WARN_STRICT_PROTOTYPES = YES;
				CLANG_WARN_SUSPICIOUS_MOVE = YES;
				CLANG_WARN_UNGUARDED_AVAILABILITY = YES_AGGRESSIVE;
				CLANG_WARN_UNREACHABLE_CODE = YES;
				CLANG_WARN__DUPLICATE_METHOD_MATCH = YES;
				COPY_PHASE_STRIP = NO;
				DEBUG_INFORMATION_FORMAT = "dwarf-with-dsym";
				ENABLE_NS_ASSERTIONS = NO;
				ENABLE_STRICT_OBJC_MSGSEND = YES;
				ENABLE_USER_SCRIPT_SANDBOXING = YES;
				GCC_C_LANGUAGE_STANDARD = gnu17;
				GCC_NO_COMMON_BLOCKS = YES;
				GCC_WARN_64_TO_32_BIT_CONVERSION = YES;
				GCC_WARN_ABOUT_RETURN_TYPE = YES_ERROR;
				GCC_WARN_UNDECLARED_SELECTOR = YES;
				GCC_WARN_UNINITIALIZED_AUTOS = YES_AGGRESSIVE;
				GCC_WARN_UNUSED_FUNCTION = YES;
				GCC_WARN_UNUSED_VARIABLE = YES;
				IPHONEOS_DEPLOYMENT_TARGET = 17.0;
				LOCALIZATION_PREFERS_STRING_CATALOGS = YES;
				MTL_ENABLE_DEBUG_INFO = NO;
				MTL_FAST_MATH = YES;
				SDKROOT = iphoneos;
				SWIFT_COMPILATION_MODE = wholemodule;
				VALIDATE_PRODUCT = YES;
			};
			name = Release;
		};
		EEC86C032AF5F7AC006D95C8 /* Debug */ = {
			isa = XCBuildConfiguration;
			buildSettings = {
				ASSETCATALOG_COMPILER_APPICON_NAME = AppIcon;
				ASSETCATALOG_COMPILER_GLOBAL_ACCENT_COLOR_NAME = AccentColor;
				CODE_SIGN_STYLE = Automatic;
				CURRENT_PROJECT_VERSION = 1;
				GENERATE_INFOPLIST_FILE = YES;
				INFOPLIST_FILE = "UITableView, Lecture 19/Info.plist";
				INFOPLIST_KEY_UIApplicationSupportsIndirectInputEvents = YES;
				INFOPLIST_KEY_UILaunchStoryboardName = LaunchScreen;
				INFOPLIST_KEY_UISupportedInterfaceOrientations_iPad = "UIInterfaceOrientationPortrait UIInterfaceOrientationPortraitUpsideDown UIInterfaceOrientationLandscapeLeft UIInterfaceOrientationLandscapeRight";
				INFOPLIST_KEY_UISupportedInterfaceOrientations_iPhone = "UIInterfaceOrientationPortrait UIInterfaceOrientationLandscapeLeft UIInterfaceOrientationLandscapeRight";
				LD_RUNPATH_SEARCH_PATHS = (
					"$(inherited)",
					"@executable_path/Frameworks",
				);
				MARKETING_VERSION = 1.0;
				PRODUCT_BUNDLE_IDENTIFIER = "swift.UITableView--Lecture-19";
				PRODUCT_NAME = "$(TARGET_NAME)";
				SWIFT_EMIT_LOC_STRINGS = YES;
				SWIFT_VERSION = 5.0;
				TARGETED_DEVICE_FAMILY = "1,2";
			};
			name = Debug;
		};
		EEC86C042AF5F7AC006D95C8 /* Release */ = {
			isa = XCBuildConfiguration;
			buildSettings = {
				ASSETCATALOG_COMPILER_APPICON_NAME = AppIcon;
				ASSETCATALOG_COMPILER_GLOBAL_ACCENT_COLOR_NAME = AccentColor;
				CODE_SIGN_STYLE = Automatic;
				CURRENT_PROJECT_VERSION = 1;
				GENERATE_INFOPLIST_FILE = YES;
				INFOPLIST_FILE = "UITableView, Lecture 19/Info.plist";
				INFOPLIST_KEY_UIApplicationSupportsIndirectInputEvents = YES;
				INFOPLIST_KEY_UILaunchStoryboardName = LaunchScreen;
				INFOPLIST_KEY_UISupportedInterfaceOrientations_iPad = "UIInterfaceOrientationPortrait UIInterfaceOrientationPortraitUpsideDown UIInterfaceOrientationLandscapeLeft UIInterfaceOrientationLandscapeRight";
				INFOPLIST_KEY_UISupportedInterfaceOrientations_iPhone = "UIInterfaceOrientationPortrait UIInterfaceOrientationLandscapeLeft UIInterfaceOrientationLandscapeRight";
				LD_RUNPATH_SEARCH_PATHS = (
					"$(inherited)",
					"@executable_path/Frameworks",
				);
				MARKETING_VERSION = 1.0;
				PRODUCT_BUNDLE_IDENTIFIER = "swift.UITableView--Lecture-19";
				PRODUCT_NAME = "$(TARGET_NAME)";
				SWIFT_EMIT_LOC_STRINGS = YES;
				SWIFT_VERSION = 5.0;
				TARGETED_DEVICE_FAMILY = "1,2";
			};
			name = Release;
		};
/* End XCBuildConfiguration section */

/* Begin XCConfigurationList section */
		EEC86BE92AF5F7AB006D95C8 /* Build configuration list for PBXProject "UITableView, Lecture 19" */ = {
			isa = XCConfigurationList;
			buildConfigurations = (
				EEC86C002AF5F7AC006D95C8 /* Debug */,
				EEC86C012AF5F7AC006D95C8 /* Release */,
			);
			defaultConfigurationIsVisible = 0;
			defaultConfigurationName = Release;
		};
		EEC86C022AF5F7AC006D95C8 /* Build configuration list for PBXNativeTarget "UITableView, Lecture 19" */ = {
			isa = XCConfigurationList;
			buildConfigurations = (
				EEC86C032AF5F7AC006D95C8 /* Debug */,
				EEC86C042AF5F7AC006D95C8 /* Release */,
			);
			defaultConfigurationIsVisible = 0;
			defaultConfigurationName = Release;
		};
/* End XCConfigurationList section */
	};
	rootObject = EEC86BE62AF5F7AB006D95C8 /* Project object */;
}
